
Microsoft Visual Studio Solution File, Format Version 12.00
# Visual Studio Version 16
VisualStudioVersion = 16.0.30330.147
MinimumVisualStudioVersion = 10.0.40219.1
Project("{FAE04EC0-301F-11D3-BF4B-00C04F79EFBC}") = "AppXamarinFotoMultiPlataforma.Android", "AppXamarinFotoMultiPlataforma.Android\AppXamarinFotoMultiPlataforma.Android.csproj", "{297C163B-037E-42CC-850C-5AAE8DE259EB}"
EndProject
Project("{FAE04EC0-301F-11D3-BF4B-00C04F79EFBC}") = "AppXamarinFotoMultiPlataforma.iOS", "AppXamarinFotoMultiPlataforma.iOS\AppXamarinFotoMultiPlataforma.iOS.csproj", "{E068E423-317A-4B8C-8777-247F18E10A7F}"
EndProject
Project("{FAE04EC0-301F-11D3-BF4B-00C04F79EFBC}") = "AppXamarinFotoMultiPlataforma", "AppXamarinFotoMultiPlataforma\AppXamarinFotoMultiPlataforma.csproj", "{072A0A09-A326-44DB-9D0B-834DA05ADCE7}"
EndProject
Global
	GlobalSection(SolutionConfigurationPlatforms) = preSolution
		Debug|Any CPU = Debug|Any CPU
		Debug|ARM = Debug|ARM
		Debug|iPhone = Debug|iPhone
		Debug|iPhoneSimulator = Debug|iPhoneSimulator
		Debug|x64 = Debug|x64
		Debug|x86 = Debug|x86
		Release|Any CPU = Release|Any CPU
		Release|ARM = Release|ARM
		Release|iPhone = Release|iPhone
		Release|iPhoneSimulator = Release|iPhoneSimulator
		Release|x64 = Release|x64
		Release|x86 = Release|x86
	EndGlobalSection
	GlobalSection(ProjectConfigurationPlatforms) = postSolution
		{297C163B-037E-42CC-850C-5AAE8DE259EB}.Debug|Any CPU.ActiveCfg = Debug|Any CPU
		{297C163B-037E-42CC-850C-5AAE8DE259EB}.Debug|Any CPU.Build.0 = Debug|Any CPU
		{297C163B-037E-42CC-850C-5AAE8DE259EB}.Debug|Any CPU.Deploy.0 = Debug|Any CPU
		{297C163B-037E-42CC-850C-5AAE8DE259EB}.Debug|ARM.ActiveCfg = Debug|Any CPU
		{297C163B-037E-42CC-850C-5AAE8DE259EB}.Debug|ARM.Build.0 = Debug|Any CPU
		{297C163B-037E-42CC-850C-5AAE8DE259EB}.Debug|ARM.Deploy.0 = Debug|Any CPU
		{297C163B-037E-42CC-850C-5AAE8DE259EB}.Debug|iPhone.ActiveCfg = Debug|Any CPU
		{297C163B-037E-42CC-850C-5AAE8DE259EB}.Debug|iPhone.Build.0 = Debug|Any CPU
		{297C163B-037E-42CC-850C-5AAE8DE259EB}.Debug|iPhone.Deploy.0 = Debug|Any CPU
		{297C163B-037E-42CC-850C-5AAE8DE259EB}.Debug|iPhoneSimulator.ActiveCfg = Debug|Any CPU
		{297C163B-037E-42CC-850C-5AAE8DE259EB}.Debug|iPhoneSimulator.Build.0 = Debug|Any CPU
		{297C163B-037E-42CC-850C-5AAE8DE259EB}.Debug|iPhoneSimulator.Deploy.0 = Debug|Any CPU
		{297C163B-037E-42CC-850C-5AAE8DE259EB}.Debug|x64.ActiveCfg = Debug|Any CPU
		{297C163B-037E-42CC-850C-5AAE8DE259EB}.Debug|x64.Build.0 = Debug|Any CPU
		{297C163B-037E-42CC-850C-5AAE8DE259EB}.Debug|x64.Deploy.0 = Debug|Any CPU
		{297C163B-037E-42CC-850C-5AAE8DE259EB}.Debug|x86.ActiveCfg = Debug|Any CPU
		{297C163B-037E-42CC-850C-5AAE8DE259EB}.Debug|x86.Build.0 = Debug|Any CPU
		{297C163B-037E-42CC-850C-5AAE8DE259EB}.Debug|x86.Deploy.0 = Debug|Any CPU
		{297C163B-037E-42CC-850C-5AAE8DE259EB}.Release|Any CPU.ActiveCfg = Release|Any CPU
		{297C163B-037E-42CC-850C-5AAE8DE259EB}.Release|Any CPU.Build.0 = Release|Any CPU
		{297C163B-037E-42CC-850C-5AAE8DE259EB}.Release|Any CPU.Deploy.0 = Release|Any CPU
		{297C163B-037E-42CC-850C-5AAE8DE259EB}.Release|ARM.ActiveCfg = Release|Any CPU
		{297C163B-037E-42CC-850C-5AAE8DE259EB}.Release|ARM.Build.0 = Release|Any CPU
		{297C163B-037E-42CC-850C-5AAE8DE259EB}.Release|ARM.Deploy.0 = Release|Any CPU
		{297C163B-037E-42CC-850C-5AAE8DE259EB}.Release|iPhone.ActiveCfg = Release|Any CPU
		{297C163B-037E-42CC-850C-5AAE8DE259EB}.Release|iPhone.Build.0 = Release|Any CPU
		{297C163B-037E-42CC-850C-5AAE8DE259EB}.Release|iPhone.Deploy.0 = Release|Any CPU
		{297C163B-037E-42CC-850C-5AAE8DE259EB}.Release|iPhoneSimulator.ActiveCfg = Release|Any CPU
		{297C163B-037E-42CC-850C-5AAE8DE259EB}.Release|iPhoneSimulator.Build.0 = Release|Any CPU
		{297C163B-037E-42CC-850C-5AAE8DE259EB}.Release|iPhoneSimulator.Deploy.0 = Release|Any CPU
		{297C163B-037E-42CC-850C-5AAE8DE259EB}.Release|x64.ActiveCfg = Release|Any CPU
		{297C163B-037E-42CC-850C-5AAE8DE259EB}.Release|x64.Build.0 = Release|Any CPU
		{297C163B-037E-42CC-850C-5AAE8DE259EB}.Release|x64.Deploy.0 = Release|Any CPU
		{297C163B-037E-42CC-850C-5AAE8DE259EB}.Release|x86.ActiveCfg = Release|Any CPU
		{297C163B-037E-42CC-850C-5AAE8DE259EB}.Release|x86.Build.0 = Release|Any CPU
		{297C163B-037E-42CC-850C-5AAE8DE259EB}.Release|x86.Deploy.0 = Release|Any CPU
		{E068E423-317A-4B8C-8777-247F18E10A7F}.Debug|Any CPU.ActiveCfg = Debug|iPhone
		{E068E423-317A-4B8C-8777-247F18E10A7F}.Debug|Any CPU.Build.0 = Debug|iPhone
		{E068E423-317A-4B8C-8777-247F18E10A7F}.Debug|Any CPU.Deploy.0 = Debug|iPhone
		{E068E423-317A-4B8C-8777-247F18E10A7F}.Debug|ARM.ActiveCfg = Debug|iPhone
		{E068E423-317A-4B8C-8777-247F18E10A7F}.Debug|ARM.Build.0 = Debug|iPhone
		{E068E423-317A-4B8C-8777-247F18E10A7F}.Debug|ARM.Deploy.0 = Debug|iPhone
		{E068E423-317A-4B8C-8777-247F18E10A7F}.Debug|iPhone.ActiveCfg = Debug|iPhone
		{E068E423-317A-4B8C-8777-247F18E10A7F}.Debug|iPhone.Build.0 = Debug|iPhone
		{E068E423-317A-4B8C-8777-247F18E10A7F}.Debug|iPhone.Deploy.0 = Debug|iPhone
		{E068E423-317A-4B8C-8777-247F18E10A7F}.Debug|iPhoneSimulator.ActiveCfg = Debug|iPhoneSimulator
		{E068E423-317A-4B8C-8777-247F18E10A7F}.Debug|iPhoneSimulator.Build.0 = Debug|iPhoneSimulator
		{E068E423-317A-4B8C-8777-247F18E10A7F}.Debug|iPhoneSimulator.Deploy.0 = Debug|iPhoneSimulator
		{E068E423-317A-4B8C-8777-247F18E10A7F}.Debug|x64.ActiveCfg = Debug|iPhone
		{E068E423-317A-4B8C-8777-247F18E10A7F}.Debug|x64.Build.0 = Debug|iPhone
		{E068E423-317A-4B8C-8777-247F18E10A7F}.Debug|x64.Deploy.0 = Debug|iPhone
		{E068E423-317A-4B8C-8777-247F18E10A7F}.Debug|x86.ActiveCfg = Debug|iPhone
		{E068E423-317A-4B8C-8777-247F18E10A7F}.Debug|x86.Build.0 = Debug|iPhone
		{E068E423-317A-4B8C-8777-247F18E10A7F}.Debug|x86.Deploy.0 = Debug|iPhone
		{E068E423-317A-4B8C-8777-247F18E10A7F}.Release|Any CPU.ActiveCfg = Release|iPhone
		{E068E423-317A-4B8C-8777-247F18E10A7F}.Release|Any CPU.Build.0 = Release|iPhone
		{E068E423-317A-4B8C-8777-247F18E10A7F}.Release|Any CPU.Deploy.0 = Release|iPhone
		{E068E423-317A-4B8C-8777-247F18E10A7F}.Release|ARM.ActiveCfg = Release|iPhone
		{E068E423-317A-4B8C-8777-247F18E10A7F}.Release|ARM.Build.0 = Release|iPhone
		{E068E423-317A-4B8C-8777-247F18E10A7F}.Release|ARM.Deploy.0 = Release|iPhone
		{E068E423-317A-4B8C-8777-247F18E10A7F}.Release|iPhone.ActiveCfg = Release|iPhone
		{E068E423-317A-4B8C-8777-247F18E10A7F}.Release|iPhone.Build.0 = Release|iPhone
		{E068E423-317A-4B8C-8777-247F18E10A7F}.Release|iPhone.Deploy.0 = Release|iPhone
		{E068E423-317A-4B8C-8777-247F18E10A7F}.Release|iPhoneSimulator.ActiveCfg = Release|iPhoneSimulator
		{E068E423-317A-4B8C-8777-247F18E10A7F}.Release|iPhoneSimulator.Build.0 = Release|iPhoneSimulator
		{E068E423-317A-4B8C-8777-247F18E10A7F}.Release|iPhoneSimulator.Deploy.0 = Release|iPhoneSimulator
		{E068E423-317A-4B8C-8777-247F18E10A7F}.Release|x64.ActiveCfg = Release|iPhone
		{E068E423-317A-4B8C-8777-247F18E10A7F}.Release|x64.Build.0 = Release|iPhone
		{E068E423-317A-4B8C-8777-247F18E10A7F}.Release|x64.Deploy.0 = Release|iPhone
		{E068E423-317A-4B8C-8777-247F18E10A7F}.Release|x86.ActiveCfg = Release|iPhone
		{E068E423-317A-4B8C-8777-247F18E10A7F}.Release|x86.Build.0 = Release|iPhone
		{E068E423-317A-4B8C-8777-247F18E10A7F}.Release|x86.Deploy.0 = Release|iPhone
		{072A0A09-A326-44DB-9D0B-834DA05ADCE7}.Debug|Any CPU.ActiveCfg = Debug|Any CPU
		{072A0A09-A326-44DB-9D0B-834DA05ADCE7}.Debug|Any CPU.Build.0 = Debug|Any CPU
		{072A0A09-A326-44DB-9D0B-834DA05ADCE7}.Debug|Any CPU.Deploy.0 = Debug|Any CPU
		{072A0A09-A326-44DB-9D0B-834DA05ADCE7}.Debug|ARM.ActiveCfg = Debug|Any CPU
		{072A0A09-A326-44DB-9D0B-834DA05ADCE7}.Debug|ARM.Build.0 = Debug|Any CPU
		{072A0A09-A326-44DB-9D0B-834DA05ADCE7}.Debug|ARM.Deploy.0 = Debug|Any CPU
		{072A0A09-A326-44DB-9D0B-834DA05ADCE7}.Debug|iPhone.ActiveCfg = Debug|Any CPU
		{072A0A09-A326-44DB-9D0B-834DA05ADCE7}.Debug|iPhone.Build.0 = Debug|Any CPU
		{072A0A09-A326-44DB-9D0B-834DA05ADCE7}.Debug|iPhone.Deploy.0 = Debug|Any CPU
		{072A0A09-A326-44DB-9D0B-834DA05ADCE7}.Debug|iPhoneSimulator.ActiveCfg = Debug|Any CPU
		{072A0A09-A326-44DB-9D0B-834DA05ADCE7}.Debug|iPhoneSimulator.Build.0 = Debug|Any CPU
		{072A0A09-A326-44DB-9D0B-834DA05ADCE7}.Debug|iPhoneSimulator.Deploy.0 = Debug|Any CPU
		{072A0A09-A326-44DB-9D0B-834DA05ADCE7}.Debug|x64.ActiveCfg = Debug|Any CPU
		{072A0A09-A326-44DB-9D0B-834DA05ADCE7}.Debug|x64.Build.0 = Debug|Any CPU
		{072A0A09-A326-44DB-9D0B-834DA05ADCE7}.Debug|x64.Deploy.0 = Debug|Any CPU
		{072A0A09-A326-44DB-9D0B-834DA05ADCE7}.Debug|x86.ActiveCfg = Debug|Any CPU
		{072A0A09-A326-44DB-9D0B-834DA05ADCE7}.Debug|x86.Build.0 = Debug|Any CPU
		{072A0A09-A326-44DB-9D0B-834DA05ADCE7}.Debug|x86.Deploy.0 = Debug|Any CPU
		{072A0A09-A326-44DB-9D0B-834DA05ADCE7}.Release|Any CPU.ActiveCfg = Release|Any CPU
		{072A0A09-A326-44DB-9D0B-834DA05ADCE7}.Release|Any CPU.Build.0 = Release|Any CPU
		{072A0A09-A326-44DB-9D0B-834DA05ADCE7}.Release|Any CPU.Deploy.0 = Release|Any CPU
		{072A0A09-A326-44DB-9D0B-834DA05ADCE7}.Release|ARM.ActiveCfg = Release|Any CPU
		{072A0A09-A326-44DB-9D0B-834DA05ADCE7}.Release|ARM.Build.0 = Release|Any CPU
		{072A0A09-A326-44DB-9D0B-834DA05ADCE7}.Release|ARM.Deploy.0 = Release|Any CPU
		{072A0A09-A326-44DB-9D0B-834DA05ADCE7}.Release|iPhone.ActiveCfg = Release|Any CPU
		{072A0A09-A326-44DB-9D0B-834DA05ADCE7}.Release|iPhone.Build.0 = Release|Any CPU
		{072A0A09-A326-44DB-9D0B-834DA05ADCE7}.Release|iPhone.Deploy.0 = Release|Any CPU
		{072A0A09-A326-44DB-9D0B-834DA05ADCE7}.Release|iPhoneSimulator.ActiveCfg = Release|Any CPU
		{072A0A09-A326-44DB-9D0B-834DA05ADCE7}.Release|iPhoneSimulator.Build.0 = Release|Any CPU
		{072A0A09-A326-44DB-9D0B-834DA05ADCE7}.Release|iPhoneSimulator.Deploy.0 = Release|Any CPU
		{072A0A09-A326-44DB-9D0B-834DA05ADCE7}.Release|x64.ActiveCfg = Release|Any CPU
		{072A0A09-A326-44DB-9D0B-834DA05ADCE7}.Release|x64.Build.0 = Release|Any CPU
		{072A0A09-A326-44DB-9D0B-834DA05ADCE7}.Release|x64.Deploy.0 = Release|Any CPU
		{072A0A09-A326-44DB-9D0B-834DA05ADCE7}.Release|x86.ActiveCfg = Release|Any CPU
		{072A0A09-A326-44DB-9D0B-834DA05ADCE7}.Release|x86.Build.0 = Release|Any CPU
		{072A0A09-A326-44DB-9D0B-834DA05ADCE7}.Release|x86.Deploy.0 = Release|Any CPU
	EndGlobalSection
	GlobalSection(SolutionProperties) = preSolution
		HideSolutionNode = FALSE
	EndGlobalSection
	GlobalSection(ExtensibilityGlobals) = postSolution
		SolutionGuid = {F80F7EE9-5877-4E54-88D5-801070C2B780}
	EndGlobalSection
EndGlobal
